// !$*UTF8*$!
{
	archiveVersion = 1;
	classes = {
	};
	objectVersion = 55;
	objects = {

/* Begin PBXBuildFile section */
		5072E69C2812E37B004EDC15 /* twibbleApp.swift in Sources */ = {isa = PBXBuildFile; fileRef = 5072E69B2812E37B004EDC15 /* twibbleApp.swift */; };
		5072E6A02812E37C004EDC15 /* Assets.xcassets in Resources */ = {isa = PBXBuildFile; fileRef = 5072E69F2812E37C004EDC15 /* Assets.xcassets */; };
		5072E6A32812E37C004EDC15 /* Preview Assets.xcassets in Resources */ = {isa = PBXBuildFile; fileRef = 5072E6A22812E37C004EDC15 /* Preview Assets.xcassets */; };
		5072E6AE2812E3E0004EDC15 /* Stream.swift in Sources */ = {isa = PBXBuildFile; fileRef = 5072E6AD2812E3E0004EDC15 /* Stream.swift */; };
		5072E6B02812E3F0004EDC15 /* User.swift in Sources */ = {isa = PBXBuildFile; fileRef = 5072E6AF2812E3F0004EDC15 /* User.swift */; };
		5072E6B22812E405004EDC15 /* Twitch.swift in Sources */ = {isa = PBXBuildFile; fileRef = 5072E6B12812E405004EDC15 /* Twitch.swift */; };
		5072E6B42812E423004EDC15 /* Request.swift in Sources */ = {isa = PBXBuildFile; fileRef = 5072E6B32812E423004EDC15 /* Request.swift */; };
		5072E6B62812E4A0004EDC15 /* StreamListView.swift in Sources */ = {isa = PBXBuildFile; fileRef = 5072E6B52812E4A0004EDC15 /* StreamListView.swift */; };
		5072E6B82812E4C7004EDC15 /* MainView.swift in Sources */ = {isa = PBXBuildFile; fileRef = 5072E6B72812E4C7004EDC15 /* MainView.swift */; };
		5072E6BA2812E4DD004EDC15 /* BadgeView.swift in Sources */ = {isa = PBXBuildFile; fileRef = 5072E6B92812E4DD004EDC15 /* BadgeView.swift */; };
		5072E6BC2812E4EC004EDC15 /* StreamView.swift in Sources */ = {isa = PBXBuildFile; fileRef = 5072E6BB2812E4EC004EDC15 /* StreamView.swift */; };
		5072E6BE2812E504004EDC15 /* HeaderView.swift in Sources */ = {isa = PBXBuildFile; fileRef = 5072E6BD2812E504004EDC15 /* HeaderView.swift */; };
		5072E6C22812E571004EDC15 /* KeychainAccess in Frameworks */ = {isa = PBXBuildFile; productRef = 5072E6C12812E571004EDC15 /* KeychainAccess */; };
		5072E6C52812E582004EDC15 /* LaunchAtLogin in Frameworks */ = {isa = PBXBuildFile; productRef = 5072E6C42812E582004EDC15 /* LaunchAtLogin */; };
		507C249028136C8400D94BE9 /* LoginView.swift in Sources */ = {isa = PBXBuildFile; fileRef = 507C248F28136C8400D94BE9 /* LoginView.swift */; };
		50C27FA228149C0F00B2EA19 /* FullStreamView.swift in Sources */ = {isa = PBXBuildFile; fileRef = 50C27FA128149C0F00B2EA19 /* FullStreamView.swift */; };
		50C27FA428149F1500B2EA19 /* CompactStreamView.swift in Sources */ = {isa = PBXBuildFile; fileRef = 50C27FA328149F1500B2EA19 /* CompactStreamView.swift */; };
		50F35E862815DE82007BBB8D /* KeyboardShortcuts in Frameworks */ = {isa = PBXBuildFile; productRef = 50F35E852815DE82007BBB8D /* KeyboardShortcuts */; };
		50F35E882815EDA7007BBB8D /* Constants.swift in Sources */ = {isa = PBXBuildFile; fileRef = 50F35E872815EDA7007BBB8D /* Constants.swift */; };
		50F35E8A2815EDD1007BBB8D /* SettingsView.swift in Sources */ = {isa = PBXBuildFile; fileRef = 50F35E892815EDD1007BBB8D /* SettingsView.swift */; };
		50F35E8C2815F36F007BBB8D /* KeyAware.swift in Sources */ = {isa = PBXBuildFile; fileRef = 50F35E8B2815F36F007BBB8D /* KeyAware.swift */; };
/* End PBXBuildFile section */

/* Begin PBXFileReference section */
		5072E6982812E37B004EDC15 /* twibble.app */ = {isa = PBXFileReference; explicitFileType = wrapper.application; includeInIndex = 0; path = twibble.app; sourceTree = BUILT_PRODUCTS_DIR; };
		5072E69B2812E37B004EDC15 /* twibbleApp.swift */ = {isa = PBXFileReference; lastKnownFileType = sourcecode.swift; path = twibbleApp.swift; sourceTree = "<group>"; };
		5072E69F2812E37C004EDC15 /* Assets.xcassets */ = {isa = PBXFileReference; lastKnownFileType = folder.assetcatalog; path = Assets.xcassets; sourceTree = "<group>"; };
		5072E6A22812E37C004EDC15 /* Preview Assets.xcassets */ = {isa = PBXFileReference; lastKnownFileType = folder.assetcatalog; path = "Preview Assets.xcassets"; sourceTree = "<group>"; };
		5072E6A42812E37C004EDC15 /* twibble.entitlements */ = {isa = PBXFileReference; lastKnownFileType = text.plist.entitlements; path = twibble.entitlements; sourceTree = "<group>"; };
		5072E6AD2812E3E0004EDC15 /* Stream.swift */ = {isa = PBXFileReference; lastKnownFileType = sourcecode.swift; path = Stream.swift; sourceTree = "<group>"; };
		5072E6AF2812E3F0004EDC15 /* User.swift */ = {isa = PBXFileReference; lastKnownFileType = sourcecode.swift; path = User.swift; sourceTree = "<group>"; };
		5072E6B12812E405004EDC15 /* Twitch.swift */ = {isa = PBXFileReference; lastKnownFileType = sourcecode.swift; path = Twitch.swift; sourceTree = "<group>"; };
		5072E6B32812E423004EDC15 /* Request.swift */ = {isa = PBXFileReference; lastKnownFileType = sourcecode.swift; path = Request.swift; sourceTree = "<group>"; };
		5072E6B52812E4A0004EDC15 /* StreamListView.swift */ = {isa = PBXFileReference; lastKnownFileType = sourcecode.swift; path = StreamListView.swift; sourceTree = "<group>"; };
		5072E6B72812E4C7004EDC15 /* MainView.swift */ = {isa = PBXFileReference; lastKnownFileType = sourcecode.swift; path = MainView.swift; sourceTree = "<group>"; };
		5072E6B92812E4DD004EDC15 /* BadgeView.swift */ = {isa = PBXFileReference; lastKnownFileType = sourcecode.swift; path = BadgeView.swift; sourceTree = "<group>"; };
		5072E6BB2812E4EC004EDC15 /* StreamView.swift */ = {isa = PBXFileReference; lastKnownFileType = sourcecode.swift; path = StreamView.swift; sourceTree = "<group>"; };
		5072E6BD2812E504004EDC15 /* HeaderView.swift */ = {isa = PBXFileReference; lastKnownFileType = sourcecode.swift; path = HeaderView.swift; sourceTree = "<group>"; };
		5072E6BF2812E520004EDC15 /* LaunchAtLogin */ = {isa = PBXFileReference; lastKnownFileType = wrapper; name = LaunchAtLogin; path = "../../../../Library/Developer/Xcode/DerivedData/twizzl-gzkqoybwmsdvlmdotcwibhikvppf/SourcePackages/checkouts/LaunchAtLogin"; sourceTree = "<group>"; };
		507C248F28136C8400D94BE9 /* LoginView.swift */ = {isa = PBXFileReference; lastKnownFileType = sourcecode.swift; path = LoginView.swift; sourceTree = "<group>"; };
		50C27FA128149C0F00B2EA19 /* FullStreamView.swift */ = {isa = PBXFileReference; lastKnownFileType = sourcecode.swift; path = FullStreamView.swift; sourceTree = "<group>"; };
		50C27FA328149F1500B2EA19 /* CompactStreamView.swift */ = {isa = PBXFileReference; lastKnownFileType = sourcecode.swift; path = CompactStreamView.swift; sourceTree = "<group>"; };
		50F35E872815EDA7007BBB8D /* Constants.swift */ = {isa = PBXFileReference; lastKnownFileType = sourcecode.swift; path = Constants.swift; sourceTree = "<group>"; };
		50F35E892815EDD1007BBB8D /* SettingsView.swift */ = {isa = PBXFileReference; lastKnownFileType = sourcecode.swift; path = SettingsView.swift; sourceTree = "<group>"; };
		50F35E8B2815F36F007BBB8D /* KeyAware.swift */ = {isa = PBXFileReference; lastKnownFileType = sourcecode.swift; path = KeyAware.swift; sourceTree = "<group>"; };
/* End PBXFileReference section */

/* Begin PBXFrameworksBuildPhase section */
		5072E6952812E37B004EDC15 /* Frameworks */ = {
			isa = PBXFrameworksBuildPhase;
			buildActionMask = 2147483647;
			files = (
				5072E6C52812E582004EDC15 /* LaunchAtLogin in Frameworks */,
				5072E6C22812E571004EDC15 /* KeychainAccess in Frameworks */,
				50F35E862815DE82007BBB8D /* KeyboardShortcuts in Frameworks */,
			);
			runOnlyForDeploymentPostprocessing = 0;
		};
/* End PBXFrameworksBuildPhase section */

/* Begin PBXGroup section */
		5072E68F2812E37B004EDC15 = {
			isa = PBXGroup;
			children = (
				5072E69A2812E37B004EDC15 /* twibble */,
				5072E6992812E37B004EDC15 /* Products */,
			);
			sourceTree = "<group>";
		};
		5072E6992812E37B004EDC15 /* Products */ = {
			isa = PBXGroup;
			children = (
				5072E6982812E37B004EDC15 /* twibble.app */,
			);
			name = Products;
			sourceTree = "<group>";
		};
		5072E69A2812E37B004EDC15 /* twibble */ = {
			isa = PBXGroup;
			children = (
				5072E6AB2812E3BB004EDC15 /* utils */,
				5072E6AA2812E3B3004EDC15 /* models */,
				5072E6AC2812E3C1004EDC15 /* views */,
				5072E69B2812E37B004EDC15 /* twibbleApp.swift */,
				5072E69F2812E37C004EDC15 /* Assets.xcassets */,
				5072E6A42812E37C004EDC15 /* twibble.entitlements */,
				5072E6A12812E37C004EDC15 /* Preview Content */,
			);
			path = twibble;
			sourceTree = "<group>";
		};
		5072E6A12812E37C004EDC15 /* Preview Content */ = {
			isa = PBXGroup;
			children = (
				5072E6BF2812E520004EDC15 /* LaunchAtLogin */,
				5072E6A22812E37C004EDC15 /* Preview Assets.xcassets */,
			);
			path = "Preview Content";
			sourceTree = "<group>";
		};
		5072E6AA2812E3B3004EDC15 /* models */ = {
			isa = PBXGroup;
			children = (
				5072E6B12812E405004EDC15 /* Twitch.swift */,
				5072E6AD2812E3E0004EDC15 /* Stream.swift */,
				5072E6AF2812E3F0004EDC15 /* User.swift */,
			);
			path = models;
			sourceTree = "<group>";
		};
		5072E6AB2812E3BB004EDC15 /* utils */ = {
			isa = PBXGroup;
			children = (
				5072E6B32812E423004EDC15 /* Request.swift */,
				50F35E872815EDA7007BBB8D /* Constants.swift */,
				50F35E8B2815F36F007BBB8D /* KeyAware.swift */,
			);
			path = utils;
			sourceTree = "<group>";
		};
		5072E6AC2812E3C1004EDC15 /* views */ = {
			isa = PBXGroup;
			children = (
				5072E6B52812E4A0004EDC15 /* StreamListView.swift */,
				5072E6B72812E4C7004EDC15 /* MainView.swift */,
				5072E6B92812E4DD004EDC15 /* BadgeView.swift */,
				5072E6BB2812E4EC004EDC15 /* StreamView.swift */,
				5072E6BD2812E504004EDC15 /* HeaderView.swift */,
				507C248F28136C8400D94BE9 /* LoginView.swift */,
				50C27FA128149C0F00B2EA19 /* FullStreamView.swift */,
				50C27FA328149F1500B2EA19 /* CompactStreamView.swift */,
				50F35E892815EDD1007BBB8D /* SettingsView.swift */,
			);
			path = views;
			sourceTree = "<group>";
		};
/* End PBXGroup section */

/* Begin PBXNativeTarget section */
		5072E6972812E37B004EDC15 /* twibble */ = {
			isa = PBXNativeTarget;
			buildConfigurationList = 5072E6A72812E37C004EDC15 /* Build configuration list for PBXNativeTarget "twibble" */;
			buildPhases = (
				5072E6942812E37B004EDC15 /* Sources */,
				5072E6952812E37B004EDC15 /* Frameworks */,
				5072E6962812E37B004EDC15 /* Resources */,
			);
			buildRules = (
			);
			dependencies = (
			);
			name = twibble;
			packageProductDependencies = (
				5072E6C12812E571004EDC15 /* KeychainAccess */,
				5072E6C42812E582004EDC15 /* LaunchAtLogin */,
				50F35E852815DE82007BBB8D /* KeyboardShortcuts */,
			);
			productName = twibble;
			productReference = 5072E6982812E37B004EDC15 /* twibble.app */;
			productType = "com.apple.product-type.application";
		};
/* End PBXNativeTarget section */

/* Begin PBXProject section */
		5072E6902812E37B004EDC15 /* Project object */ = {
			isa = PBXProject;
			attributes = {
				BuildIndependentTargetsInParallel = 1;
				LastSwiftUpdateCheck = 1330;
				LastUpgradeCheck = 1330;
				TargetAttributes = {
					5072E6972812E37B004EDC15 = {
						CreatedOnToolsVersion = 13.3.1;
					};
				};
			};
			buildConfigurationList = 5072E6932812E37B004EDC15 /* Build configuration list for PBXProject "twibble" */;
			compatibilityVersion = "Xcode 13.0";
			developmentRegion = en;
			hasScannedForEncodings = 0;
			knownRegions = (
				en,
				Base,
			);
			mainGroup = 5072E68F2812E37B004EDC15;
			packageReferences = (
				5072E6C02812E571004EDC15 /* XCRemoteSwiftPackageReference "KeychainAccess" */,
				5072E6C32812E582004EDC15 /* XCRemoteSwiftPackageReference "LaunchAtLogin" */,
				50F35E842815DE82007BBB8D /* XCRemoteSwiftPackageReference "KeyboardShortcuts" */,
			);
			productRefGroup = 5072E6992812E37B004EDC15 /* Products */;
			projectDirPath = "";
			projectRoot = "";
			targets = (
				5072E6972812E37B004EDC15 /* twibble */,
			);
		};
/* End PBXProject section */

/* Begin PBXResourcesBuildPhase section */
		5072E6962812E37B004EDC15 /* Resources */ = {
			isa = PBXResourcesBuildPhase;
			buildActionMask = 2147483647;
			files = (
				5072E6A32812E37C004EDC15 /* Preview Assets.xcassets in Resources */,
				5072E6A02812E37C004EDC15 /* Assets.xcassets in Resources */,
			);
			runOnlyForDeploymentPostprocessing = 0;
		};
/* End PBXResourcesBuildPhase section */

/* Begin PBXSourcesBuildPhase section */
		5072E6942812E37B004EDC15 /* Sources */ = {
			isa = PBXSourcesBuildPhase;
			buildActionMask = 2147483647;
			files = (
				50F35E8A2815EDD1007BBB8D /* SettingsView.swift in Sources */,
				5072E6B02812E3F0004EDC15 /* User.swift in Sources */,
				50F35E8C2815F36F007BBB8D /* KeyAware.swift in Sources */,
				5072E6B82812E4C7004EDC15 /* MainView.swift in Sources */,
				5072E6B62812E4A0004EDC15 /* StreamListView.swift in Sources */,
				5072E6B42812E423004EDC15 /* Request.swift in Sources */,
				5072E6B22812E405004EDC15 /* Twitch.swift in Sources */,
				5072E6BA2812E4DD004EDC15 /* BadgeView.swift in Sources */,
				5072E6BE2812E504004EDC15 /* HeaderView.swift in Sources */,
				5072E6BC2812E4EC004EDC15 /* StreamView.swift in Sources */,
				50C27FA228149C0F00B2EA19 /* FullStreamView.swift in Sources */,
				507C249028136C8400D94BE9 /* LoginView.swift in Sources */,
				5072E6AE2812E3E0004EDC15 /* Stream.swift in Sources */,
				50F35E882815EDA7007BBB8D /* Constants.swift in Sources */,
				50C27FA428149F1500B2EA19 /* CompactStreamView.swift in Sources */,
				5072E69C2812E37B004EDC15 /* twibbleApp.swift in Sources */,
			);
			runOnlyForDeploymentPostprocessing = 0;
		};
/* End PBXSourcesBuildPhase section */

/* Begin XCBuildConfiguration section */
		5072E6A52812E37C004EDC15 /* Debug */ = {
			isa = XCBuildConfiguration;
			buildSettings = {
				ALWAYS_SEARCH_USER_PATHS = NO;
				CLANG_ANALYZER_NONNULL = YES;
				CLANG_ANALYZER_NUMBER_OBJECT_CONVERSION = YES_AGGRESSIVE;
				CLANG_CXX_LANGUAGE_STANDARD = "gnu++17";
				CLANG_ENABLE_MODULES = YES;
				CLANG_ENABLE_OBJC_ARC = YES;
				CLANG_ENABLE_OBJC_WEAK = YES;
				CLANG_WARN_BLOCK_CAPTURE_AUTORELEASING = YES;
				CLANG_WARN_BOOL_CONVERSION = YES;
				CLANG_WARN_COMMA = YES;
				CLANG_WARN_CONSTANT_CONVERSION = YES;
				CLANG_WARN_DEPRECATED_OBJC_IMPLEMENTATIONS = YES;
				CLANG_WARN_DIRECT_OBJC_ISA_USAGE = YES_ERROR;
				CLANG_WARN_DOCUMENTATION_COMMENTS = YES;
				CLANG_WARN_EMPTY_BODY = YES;
				CLANG_WARN_ENUM_CONVERSION = YES;
				CLANG_WARN_INFINITE_RECURSION = YES;
				CLANG_WARN_INT_CONVERSION = YES;
				CLANG_WARN_NON_LITERAL_NULL_CONVERSION = YES;
				CLANG_WARN_OBJC_IMPLICIT_RETAIN_SELF = YES;
				CLANG_WARN_OBJC_LITERAL_CONVERSION = YES;
				CLANG_WARN_OBJC_ROOT_CLASS = YES_ERROR;
				CLANG_WARN_QUOTED_INCLUDE_IN_FRAMEWORK_HEADER = YES;
				CLANG_WARN_RANGE_LOOP_ANALYSIS = YES;
				CLANG_WARN_STRICT_PROTOTYPES = YES;
				CLANG_WARN_SUSPICIOUS_MOVE = YES;
				CLANG_WARN_UNGUARDED_AVAILABILITY = YES_AGGRESSIVE;
				CLANG_WARN_UNREACHABLE_CODE = YES;
				CLANG_WARN__DUPLICATE_METHOD_MATCH = YES;
				COPY_PHASE_STRIP = NO;
				DEBUG_INFORMATION_FORMAT = dwarf;
				ENABLE_STRICT_OBJC_MSGSEND = YES;
				ENABLE_TESTABILITY = YES;
				GCC_C_LANGUAGE_STANDARD = gnu11;
				GCC_DYNAMIC_NO_PIC = NO;
				GCC_NO_COMMON_BLOCKS = YES;
				GCC_OPTIMIZATION_LEVEL = 0;
				GCC_PREPROCESSOR_DEFINITIONS = (
					"DEBUG=1",
					"$(inherited)",
				);
				GCC_WARN_64_TO_32_BIT_CONVERSION = YES;
				GCC_WARN_ABOUT_RETURN_TYPE = YES_ERROR;
				GCC_WARN_UNDECLARED_SELECTOR = YES;
				GCC_WARN_UNINITIALIZED_AUTOS = YES_AGGRESSIVE;
				GCC_WARN_UNUSED_FUNCTION = YES;
				GCC_WARN_UNUSED_VARIABLE = YES;
				MACOSX_DEPLOYMENT_TARGET = 12.0;
				MTL_ENABLE_DEBUG_INFO = INCLUDE_SOURCE;
				MTL_FAST_MATH = YES;
				ONLY_ACTIVE_ARCH = YES;
				SDKROOT = macosx;
				SWIFT_ACTIVE_COMPILATION_CONDITIONS = DEBUG;
				SWIFT_OPTIMIZATION_LEVEL = "-Onone";
			};
			name = Debug;
		};
		5072E6A62812E37C004EDC15 /* Release */ = {
			isa = XCBuildConfiguration;
			buildSettings = {
				ALWAYS_SEARCH_USER_PATHS = NO;
				CLANG_ANALYZER_NONNULL = YES;
				CLANG_ANALYZER_NUMBER_OBJECT_CONVERSION = YES_AGGRESSIVE;
				CLANG_CXX_LANGUAGE_STANDARD = "gnu++17";
				CLANG_ENABLE_MODULES = YES;
				CLANG_ENABLE_OBJC_ARC = YES;
				CLANG_ENABLE_OBJC_WEAK = YES;
				CLANG_WARN_BLOCK_CAPTURE_AUTORELEASING = YES;
				CLANG_WARN_BOOL_CONVERSION = YES;
				CLANG_WARN_COMMA = YES;
				CLANG_WARN_CONSTANT_CONVERSION = YES;
				CLANG_WARN_DEPRECATED_OBJC_IMPLEMENTATIONS = YES;
				CLANG_WARN_DIRECT_OBJC_ISA_USAGE = YES_ERROR;
				CLANG_WARN_DOCUMENTATION_COMMENTS = YES;
				CLANG_WARN_EMPTY_BODY = YES;
				CLANG_WARN_ENUM_CONVERSION = YES;
				CLANG_WARN_INFINITE_RECURSION = YES;
				CLANG_WARN_INT_CONVERSION = YES;
				CLANG_WARN_NON_LITERAL_NULL_CONVERSION = YES;
				CLANG_WARN_OBJC_IMPLICIT_RETAIN_SELF = YES;
				CLANG_WARN_OBJC_LITERAL_CONVERSION = YES;
				CLANG_WARN_OBJC_ROOT_CLASS = YES_ERROR;
				CLANG_WARN_QUOTED_INCLUDE_IN_FRAMEWORK_HEADER = YES;
				CLANG_WARN_RANGE_LOOP_ANALYSIS = YES;
				CLANG_WARN_STRICT_PROTOTYPES = YES;
				CLANG_WARN_SUSPICIOUS_MOVE = YES;
				CLANG_WARN_UNGUARDED_AVAILABILITY = YES_AGGRESSIVE;
				CLANG_WARN_UNREACHABLE_CODE = YES;
				CLANG_WARN__DUPLICATE_METHOD_MATCH = YES;
				COPY_PHASE_STRIP = NO;
				DEBUG_INFORMATION_FORMAT = "dwarf-with-dsym";
				ENABLE_NS_ASSERTIONS = NO;
				ENABLE_STRICT_OBJC_MSGSEND = YES;
				GCC_C_LANGUAGE_STANDARD = gnu11;
				GCC_NO_COMMON_BLOCKS = YES;
				GCC_WARN_64_TO_32_BIT_CONVERSION = YES;
				GCC_WARN_ABOUT_RETURN_TYPE = YES_ERROR;
				GCC_WARN_UNDECLARED_SELECTOR = YES;
				GCC_WARN_UNINITIALIZED_AUTOS = YES_AGGRESSIVE;
				GCC_WARN_UNUSED_FUNCTION = YES;
				GCC_WARN_UNUSED_VARIABLE = YES;
				MACOSX_DEPLOYMENT_TARGET = 12.0;
				MTL_ENABLE_DEBUG_INFO = NO;
				MTL_FAST_MATH = YES;
				SDKROOT = macosx;
				SWIFT_COMPILATION_MODE = wholemodule;
				SWIFT_OPTIMIZATION_LEVEL = "-O";
			};
			name = Release;
		};
		5072E6A82812E37C004EDC15 /* Debug */ = {
			isa = XCBuildConfiguration;
			buildSettings = {
				ASSETCATALOG_COMPILER_APPICON_NAME = AppIcon;
				ASSETCATALOG_COMPILER_GLOBAL_ACCENT_COLOR_NAME = AccentColor;
				CODE_SIGN_ENTITLEMENTS = twibble/twibble.entitlements;
				CODE_SIGN_STYLE = Automatic;
				COMBINE_HIDPI_IMAGES = YES;
				CURRENT_PROJECT_VERSION = 1;
				DEVELOPMENT_ASSET_PATHS = "\"twibble/Preview Content\"";
				DEVELOPMENT_TEAM = 846AKXK995;
				ENABLE_HARDENED_RUNTIME = YES;
				ENABLE_PREVIEWS = YES;
				GENERATE_INFOPLIST_FILE = YES;
				INFOPLIST_KEY_NSHumanReadableCopyright = "";
				LD_RUNPATH_SEARCH_PATHS = (
					"$(inherited)",
					"@executable_path/../Frameworks",
				);
				MARKETING_VERSION = 1.0;
				PRODUCT_BUNDLE_IDENTIFIER = com.venturh.twibble;
				PRODUCT_NAME = "$(TARGET_NAME)";
				SWIFT_EMIT_LOC_STRINGS = YES;
				SWIFT_VERSION = 5.0;
			};
			name = Debug;
		};
		5072E6A92812E37C004EDC15 /* Release */ = {
			isa = XCBuildConfiguration;
			buildSettings = {
				ASSETCATALOG_COMPILER_APPICON_NAME = AppIcon;
				ASSETCATALOG_COMPILER_GLOBAL_ACCENT_COLOR_NAME = AccentColor;
				CODE_SIGN_ENTITLEMENTS = twibble/twibble.entitlements;
				CODE_SIGN_STYLE = Automatic;
				COMBINE_HIDPI_IMAGES = YES;
				CURRENT_PROJECT_VERSION = 1;
				DEVELOPMENT_ASSET_PATHS = "\"twibble/Preview Content\"";
				DEVELOPMENT_TEAM = 846AKXK995;
				ENABLE_HARDENED_RUNTIME = YES;
				ENABLE_PREVIEWS = YES;
				GENERATE_INFOPLIST_FILE = YES;
				INFOPLIST_KEY_NSHumanReadableCopyright = "";
				LD_RUNPATH_SEARCH_PATHS = (
					"$(inherited)",
					"@executable_path/../Frameworks",
				);
				MARKETING_VERSION = 1.0;
				PRODUCT_BUNDLE_IDENTIFIER = com.venturh.twibble;
				PRODUCT_NAME = "$(TARGET_NAME)";
				SWIFT_EMIT_LOC_STRINGS = YES;
				SWIFT_VERSION = 5.0;
			};
			name = Release;
		};
/* End XCBuildConfiguration section */

/* Begin XCConfigurationList section */
		5072E6932812E37B004EDC15 /* Build configuration list for PBXProject "twibble" */ = {
			isa = XCConfigurationList;
			buildConfigurations = (
				5072E6A52812E37C004EDC15 /* Debug */,
				5072E6A62812E37C004EDC15 /* Release */,
			);
			defaultConfigurationIsVisible = 0;
			defaultConfigurationName = Release;
		};
		5072E6A72812E37C004EDC15 /* Build configuration list for PBXNativeTarget "twibble" */ = {
			isa = XCConfigurationList;
			buildConfigurations = (
				5072E6A82812E37C004EDC15 /* Debug */,
				5072E6A92812E37C004EDC15 /* Release */,
			);
			defaultConfigurationIsVisible = 0;
			defaultConfigurationName = Release;
		};
/* End XCConfigurationList section */

/* Begin XCRemoteSwiftPackageReference section */
		5072E6C02812E571004EDC15 /* XCRemoteSwiftPackageReference "KeychainAccess" */ = {
			isa = XCRemoteSwiftPackageReference;
			repositoryURL = "https://github.com/kishikawakatsumi/KeychainAccess";
			requirement = {
				branch = master;
				kind = branch;
			};
		};
		5072E6C32812E582004EDC15 /* XCRemoteSwiftPackageReference "LaunchAtLogin" */ = {
			isa = XCRemoteSwiftPackageReference;
			repositoryURL = "https://github.com/sindresorhus/LaunchAtLogin";
			requirement = {
				branch = main;
				kind = branch;
			};
		};
		50F35E842815DE82007BBB8D /* XCRemoteSwiftPackageReference "KeyboardShortcuts" */ = {
			isa = XCRemoteSwiftPackageReference;
			repositoryURL = "https://github.com/sindresorhus/KeyboardShortcuts";
			requirement = {
				branch = main;
				kind = branch;
			};
		};
/* End XCRemoteSwiftPackageReference section */

/* Begin XCSwiftPackageProductDependency section */
		5072E6C12812E571004EDC15 /* KeychainAccess */ = {
			isa = XCSwiftPackageProductDependency;
			package = 5072E6C02812E571004EDC15 /* XCRemoteSwiftPackageReference "KeychainAccess" */;
			productName = KeychainAccess;
		};
		5072E6C42812E582004EDC15 /* LaunchAtLogin */ = {
			isa = XCSwiftPackageProductDependency;
			package = 5072E6C32812E582004EDC15 /* XCRemoteSwiftPackageReference "LaunchAtLogin" */;
			productName = LaunchAtLogin;
		};
		50F35E852815DE82007BBB8D /* KeyboardShortcuts */ = {
			isa = XCSwiftPackageProductDependency;
			package = 50F35E842815DE82007BBB8D /* XCRemoteSwiftPackageReference "KeyboardShortcuts" */;
			productName = KeyboardShortcuts;
		};
/* End XCSwiftPackageProductDependency section */
	};
	rootObject = 5072E6902812E37B004EDC15 /* Project object */;
}
